
Microsoft Visual Studio Solution File, Format Version 12.00
# Visual Studio Version 16
VisualStudioVersion = 16.0.30320.27
MinimumVisualStudioVersion = 10.0.40219.1
Project("{FAE04EC0-301F-11D3-BF4B-00C04F79EFBC}") = "Menu_Burmeister", "Menu_Burmeister.csproj", "{F68856F0-D970-4D54-A5EC-ECE29F7794EF}"
EndProject
Global
	GlobalSection(SolutionConfigurationPlatforms) = preSolution
		Debug|Any CPU = Debug|Any CPU
		Release|Any CPU = Release|Any CPU
	EndGlobalSection
	GlobalSection(ProjectConfigurationPlatforms) = postSolution
		{F68856F0-D970-4D54-A5EC-ECE29F7794EF}.Debug|Any CPU.ActiveCfg = Debug|Any CPU
		{F68856F0-D970-4D54-A5EC-ECE29F7794EF}.Debug|Any CPU.Build.0 = Debug|Any CPU
		{F68856F0-D970-4D54-A5EC-ECE29F7794EF}.Release|Any CPU.ActiveCfg = Release|Any CPU
		{F68856F0-D970-4D54-A5EC-ECE29F7794EF}.Release|Any CPU.Build.0 = Release|Any CPU
	EndGlobalSection
	GlobalSection(SolutionProperties) = preSolution
		HideSolutionNode = FALSE
	EndGlobalSection
	GlobalSection(ExtensibilityGlobals) = postSolution
		SolutionGuid = {04D52464-96AE-4DE0-B54A-EA701A0F0AE3}
	EndGlobalSection
EndGlobal
